// !$*UTF8*$!
{
	archiveVersion = 1;
	classes = {
	};
	objectVersion = 46;
	objects = {

/* Begin PBXBuildFile section */
		2E3AF2141E3E57BD005CDBC5 /* Main.storyboard in Resources */ = {isa = PBXBuildFile; fileRef = 2E3AF2131E3E57BD005CDBC5 /* Main.storyboard */; };
		2E3AF2161E3E5BB9005CDBC5 /* PaperSelectVC.swift in Sources */ = {isa = PBXBuildFile; fileRef = 2E3AF2151E3E5BB9005CDBC5 /* PaperSelectVC.swift */; };
		2E3AF21C1E3E60FA005CDBC5 /* C1TableVC.swift in Sources */ = {isa = PBXBuildFile; fileRef = 2E3AF21B1E3E60FA005CDBC5 /* C1TableVC.swift */; };
		2E430C0B1E1D924A00F02B1E /* AppDelegate.swift in Sources */ = {isa = PBXBuildFile; fileRef = 2E430C0A1E1D924A00F02B1E /* AppDelegate.swift */; };
		2E430C0D1E1D924A00F02B1E /* ViewController.swift in Sources */ = {isa = PBXBuildFile; fileRef = 2E430C0C1E1D924A00F02B1E /* ViewController.swift */; };
		2E430C121E1D924A00F02B1E /* Assets.xcassets in Resources */ = {isa = PBXBuildFile; fileRef = 2E430C111E1D924A00F02B1E /* Assets.xcassets */; };
		2E430C151E1D924A00F02B1E /* LaunchScreen.storyboard in Resources */ = {isa = PBXBuildFile; fileRef = 2E430C131E1D924A00F02B1E /* LaunchScreen.storyboard */; };
		2E60B2601E3E867400B2D3F2 /* C1 in Resources */ = {isa = PBXBuildFile; fileRef = 2E60B25F1E3E867400B2D3F2 /* C1 */; };
		2E60B2621E3E907D00B2D3F2 /* C2TableVC.swift in Sources */ = {isa = PBXBuildFile; fileRef = 2E60B2611E3E907D00B2D3F2 /* C2TableVC.swift */; };
		2E60B2641E3E908700B2D3F2 /* C3TableVC.swift in Sources */ = {isa = PBXBuildFile; fileRef = 2E60B2631E3E908700B2D3F2 /* C3TableVC.swift */; };
		2E60B2661E3E909000B2D3F2 /* C4TableVC.swift in Sources */ = {isa = PBXBuildFile; fileRef = 2E60B2651E3E909000B2D3F2 /* C4TableVC.swift */; };
		AD5E7E46825DB34ED364E741 /* Pods_Edexcel_A_Level_Maths_Past_Papers.framework in Frameworks */ = {isa = PBXBuildFile; fileRef = 549CE88AA0A3744C4BA04423 /* Pods_Edexcel_A_Level_Maths_Past_Papers.framework */; };
/* End PBXBuildFile section */

/* Begin PBXFileReference section */
		0D70E4E9F69798B4171302CB /* Pods-Edexcel A-Level Maths Past Papers.release.xcconfig */ = {isa = PBXFileReference; includeInIndex = 1; lastKnownFileType = text.xcconfig; name = "Pods-Edexcel A-Level Maths Past Papers.release.xcconfig"; path = "Pods/Target Support Files/Pods-Edexcel A-Level Maths Past Papers/Pods-Edexcel A-Level Maths Past Papers.release.xcconfig"; sourceTree = "<group>"; };
		2E3AF2131E3E57BD005CDBC5 /* Main.storyboard */ = {isa = PBXFileReference; fileEncoding = 4; lastKnownFileType = file.storyboard; path = Main.storyboard; sourceTree = "<group>"; };
		2E3AF2151E3E5BB9005CDBC5 /* PaperSelectVC.swift */ = {isa = PBXFileReference; fileEncoding = 4; lastKnownFileType = sourcecode.swift; path = PaperSelectVC.swift; sourceTree = "<group>"; };
		2E3AF21B1E3E60FA005CDBC5 /* C1TableVC.swift */ = {isa = PBXFileReference; fileEncoding = 4; lastKnownFileType = sourcecode.swift; path = C1TableVC.swift; sourceTree = "<group>"; };
		2E430C071E1D924A00F02B1E /* Edexcel A-Level Maths Past Papers.app */ = {isa = PBXFileReference; explicitFileType = wrapper.application; includeInIndex = 0; path = "Edexcel A-Level Maths Past Papers.app"; sourceTree = BUILT_PRODUCTS_DIR; };
		2E430C0A1E1D924A00F02B1E /* AppDelegate.swift */ = {isa = PBXFileReference; lastKnownFileType = sourcecode.swift; path = AppDelegate.swift; sourceTree = "<group>"; };
		2E430C0C1E1D924A00F02B1E /* ViewController.swift */ = {isa = PBXFileReference; lastKnownFileType = sourcecode.swift; path = ViewController.swift; sourceTree = "<group>"; };
		2E430C111E1D924A00F02B1E /* Assets.xcassets */ = {isa = PBXFileReference; lastKnownFileType = folder.assetcatalog; path = Assets.xcassets; sourceTree = "<group>"; };
		2E430C141E1D924A00F02B1E /* Base */ = {isa = PBXFileReference; lastKnownFileType = file.storyboard; name = Base; path = Base.lproj/LaunchScreen.storyboard; sourceTree = "<group>"; };
		2E430C161E1D924A00F02B1E /* Info.plist */ = {isa = PBXFileReference; lastKnownFileType = text.plist.xml; path = Info.plist; sourceTree = "<group>"; };
		2E60B25F1E3E867400B2D3F2 /* C1 */ = {isa = PBXFileReference; lastKnownFileType = folder; path = C1; sourceTree = "<group>"; };
		2E60B2611E3E907D00B2D3F2 /* C2TableVC.swift */ = {isa = PBXFileReference; fileEncoding = 4; lastKnownFileType = sourcecode.swift; path = C2TableVC.swift; sourceTree = "<group>"; };
		2E60B2631E3E908700B2D3F2 /* C3TableVC.swift */ = {isa = PBXFileReference; fileEncoding = 4; lastKnownFileType = sourcecode.swift; path = C3TableVC.swift; sourceTree = "<group>"; };
		2E60B2651E3E909000B2D3F2 /* C4TableVC.swift */ = {isa = PBXFileReference; fileEncoding = 4; lastKnownFileType = sourcecode.swift; path = C4TableVC.swift; sourceTree = "<group>"; };
		549CE88AA0A3744C4BA04423 /* Pods_Edexcel_A_Level_Maths_Past_Papers.framework */ = {isa = PBXFileReference; explicitFileType = wrapper.framework; includeInIndex = 0; path = Pods_Edexcel_A_Level_Maths_Past_Papers.framework; sourceTree = BUILT_PRODUCTS_DIR; };
		75AE0614D4FE5EE3C07B9EBC /* Pods-Edexcel A-Level Maths Past Papers.debug.xcconfig */ = {isa = PBXFileReference; includeInIndex = 1; lastKnownFileType = text.xcconfig; name = "Pods-Edexcel A-Level Maths Past Papers.debug.xcconfig"; path = "Pods/Target Support Files/Pods-Edexcel A-Level Maths Past Papers/Pods-Edexcel A-Level Maths Past Papers.debug.xcconfig"; sourceTree = "<group>"; };
/* End PBXFileReference section */

/* Begin PBXFrameworksBuildPhase section */
		2E430C041E1D924A00F02B1E /* Frameworks */ = {
			isa = PBXFrameworksBuildPhase;
			buildActionMask = 2147483647;
			files = (
				AD5E7E46825DB34ED364E741 /* Pods_Edexcel_A_Level_Maths_Past_Papers.framework in Frameworks */,
			);
			runOnlyForDeploymentPostprocessing = 0;
		};
/* End PBXFrameworksBuildPhase section */

/* Begin PBXGroup section */
		2E430BFE1E1D924A00F02B1E = {
			isa = PBXGroup;
			children = (
				2E430C091E1D924A00F02B1E /* Edexcel A-Level Maths Past Papers */,
				2E430C081E1D924A00F02B1E /* Products */,
				B02D0C1358C054834B73F44C /* Pods */,
				D42950AF6310149F0771CD62 /* Frameworks */,
			);
			sourceTree = "<group>";
		};
		2E430C081E1D924A00F02B1E /* Products */ = {
			isa = PBXGroup;
			children = (
				2E430C071E1D924A00F02B1E /* Edexcel A-Level Maths Past Papers.app */,
			);
			name = Products;
			sourceTree = "<group>";
		};
		2E430C091E1D924A00F02B1E /* Edexcel A-Level Maths Past Papers */ = {
			isa = PBXGroup;
			children = (
				2E60B2551E3E759900B2D3F2 /* Resources */,
				2E430C0A1E1D924A00F02B1E /* AppDelegate.swift */,
				2E430C0C1E1D924A00F02B1E /* ViewController.swift */,
				2E3AF21B1E3E60FA005CDBC5 /* C1TableVC.swift */,
				2E60B2611E3E907D00B2D3F2 /* C2TableVC.swift */,
				2E60B2631E3E908700B2D3F2 /* C3TableVC.swift */,
				2E60B2651E3E909000B2D3F2 /* C4TableVC.swift */,
				2E3AF2151E3E5BB9005CDBC5 /* PaperSelectVC.swift */,
				2E3AF2131E3E57BD005CDBC5 /* Main.storyboard */,
				2E430C111E1D924A00F02B1E /* Assets.xcassets */,
				2E430C131E1D924A00F02B1E /* LaunchScreen.storyboard */,
				2E430C161E1D924A00F02B1E /* Info.plist */,
			);
			path = "Edexcel A-Level Maths Past Papers";
			sourceTree = "<group>";
		};
		2E60B2551E3E759900B2D3F2 /* Resources */ = {
			isa = PBXGroup;
			children = (
				2E60B25F1E3E867400B2D3F2 /* C1 */,
			);
			name = Resources;
			sourceTree = "<group>";
		};
		B02D0C1358C054834B73F44C /* Pods */ = {
			isa = PBXGroup;
			children = (
				75AE0614D4FE5EE3C07B9EBC /* Pods-Edexcel A-Level Maths Past Papers.debug.xcconfig */,
				0D70E4E9F69798B4171302CB /* Pods-Edexcel A-Level Maths Past Papers.release.xcconfig */,
			);
			name = Pods;
			sourceTree = "<group>";
		};
		D42950AF6310149F0771CD62 /* Frameworks */ = {
			isa = PBXGroup;
			children = (
				549CE88AA0A3744C4BA04423 /* Pods_Edexcel_A_Level_Maths_Past_Papers.framework */,
			);
			name = Frameworks;
			sourceTree = "<group>";
		};
/* End PBXGroup section */

/* Begin PBXNativeTarget section */
		2E430C061E1D924A00F02B1E /* Edexcel A-Level Maths Past Papers */ = {
			isa = PBXNativeTarget;
			buildConfigurationList = 2E430C191E1D924A00F02B1E /* Build configuration list for PBXNativeTarget "Edexcel A-Level Maths Past Papers" */;
			buildPhases = (
				6A2052437FEA4D6079E292C3 /* [CP] Check Pods Manifest.lock */,
				2E430C031E1D924A00F02B1E /* Sources */,
				2E430C041E1D924A00F02B1E /* Frameworks */,
				2E430C051E1D924A00F02B1E /* Resources */,
				FA311119D6312B5D9B90B741 /* [CP] Embed Pods Frameworks */,
				79F240A1FD464FF87A241A1D /* [CP] Copy Pods Resources */,
			);
			buildRules = (
			);
			dependencies = (
			);
			name = "Edexcel A-Level Maths Past Papers";
			productName = "Edexcel A-Level Maths Past Papers";
			productReference = 2E430C071E1D924A00F02B1E /* Edexcel A-Level Maths Past Papers.app */;
			productType = "com.apple.product-type.application";
		};
/* End PBXNativeTarget section */

/* Begin PBXProject section */
		2E430BFF1E1D924A00F02B1E /* Project object */ = {
			isa = PBXProject;
			attributes = {
				LastSwiftUpdateCheck = 0820;
				LastUpgradeCheck = 0820;
				ORGANIZATIONNAME = Appsher;
				TargetAttributes = {
					2E430C061E1D924A00F02B1E = {
						CreatedOnToolsVersion = 8.2.1;
						DevelopmentTeam = PY83UB8G2X;
						ProvisioningStyle = Automatic;
					};
				};
			};
			buildConfigurationList = 2E430C021E1D924A00F02B1E /* Build configuration list for PBXProject "Edexcel A-Level Maths Past Papers" */;
			compatibilityVersion = "Xcode 3.2";
			developmentRegion = English;
			hasScannedForEncodings = 0;
			knownRegions = (
				en,
				Base,
			);
			mainGroup = 2E430BFE1E1D924A00F02B1E;
			productRefGroup = 2E430C081E1D924A00F02B1E /* Products */;
			projectDirPath = "";
			projectRoot = "";
			targets = (
				2E430C061E1D924A00F02B1E /* Edexcel A-Level Maths Past Papers */,
			);
		};
/* End PBXProject section */

/* Begin PBXResourcesBuildPhase section */
		2E430C051E1D924A00F02B1E /* Resources */ = {
			isa = PBXResourcesBuildPhase;
			buildActionMask = 2147483647;
			files = (
				2E430C151E1D924A00F02B1E /* LaunchScreen.storyboard in Resources */,
				2E430C121E1D924A00F02B1E /* Assets.xcassets in Resources */,
				2E60B2601E3E867400B2D3F2 /* C1 in Resources */,
				2E3AF2141E3E57BD005CDBC5 /* Main.storyboard in Resources */,
			);
			runOnlyForDeploymentPostprocessing = 0;
		};
/* End PBXResourcesBuildPhase section */

/* Begin PBXShellScriptBuildPhase section */
		6A2052437FEA4D6079E292C3 /* [CP] Check Pods Manifest.lock */ = {
			isa = PBXShellScriptBuildPhase;
			buildActionMask = 2147483647;
			files = (
			);
			inputPaths = (
			);
			name = "[CP] Check Pods Manifest.lock";
			outputPaths = (
			);
			runOnlyForDeploymentPostprocessing = 0;
			shellPath = /bin/sh;
			shellScript = "diff \"${PODS_ROOT}/../Podfile.lock\" \"${PODS_ROOT}/Manifest.lock\" > /dev/null\nif [ $? != 0 ] ; then\n    # print error to STDERR\n    echo \"error: The sandbox is not in sync with the Podfile.lock. Run 'pod install' or update your CocoaPods installation.\" >&2\n    exit 1\nfi\n";
			showEnvVarsInLog = 0;
		};
		79F240A1FD464FF87A241A1D /* [CP] Copy Pods Resources */ = {
			isa = PBXShellScriptBuildPhase;
			buildActionMask = 2147483647;
			files = (
			);
			inputPaths = (
			);
			name = "[CP] Copy Pods Resources";
			outputPaths = (
			);
			runOnlyForDeploymentPostprocessing = 0;
			shellPath = /bin/sh;
			shellScript = "\"${SRCROOT}/Pods/Target Support Files/Pods-Edexcel A-Level Maths Past Papers/Pods-Edexcel A-Level Maths Past Papers-resources.sh\"\n";
			showEnvVarsInLog = 0;
		};
		FA311119D6312B5D9B90B741 /* [CP] Embed Pods Frameworks */ = {
			isa = PBXShellScriptBuildPhase;
			buildActionMask = 2147483647;
			files = (
			);
			inputPaths = (
			);
			name = "[CP] Embed Pods Frameworks";
			outputPaths = (
			);
			runOnlyForDeploymentPostprocessing = 0;
			shellPath = /bin/sh;
			shellScript = "\"${SRCROOT}/Pods/Target Support Files/Pods-Edexcel A-Level Maths Past Papers/Pods-Edexcel A-Level Maths Past Papers-frameworks.sh\"\n";
			showEnvVarsInLog = 0;
		};
/* End PBXShellScriptBuildPhase section */

/* Begin PBXSourcesBuildPhase section */
		2E430C031E1D924A00F02B1E /* Sources */ = {
			isa = PBXSourcesBuildPhase;
			buildActionMask = 2147483647;
			files = (
				2E3AF2161E3E5BB9005CDBC5 /* PaperSelectVC.swift in Sources */,
				2E430C0D1E1D924A00F02B1E /* ViewController.swift in Sources */,
				2E60B2621E3E907D00B2D3F2 /* C2TableVC.swift in Sources */,
				2E60B2641E3E908700B2D3F2 /* C3TableVC.swift in Sources */,
				2E430C0B1E1D924A00F02B1E /* AppDelegate.swift in Sources */,
				2E60B2661E3E909000B2D3F2 /* C4TableVC.swift in Sources */,
				2E3AF21C1E3E60FA005CDBC5 /* C1TableVC.swift in Sources */,
			);
			runOnlyForDeploymentPostprocessing = 0;
		};
/* End PBXSourcesBuildPhase section */

/* Begin PBXVariantGroup section */
		2E430C131E1D924A00F02B1E /* LaunchScreen.storyboard */ = {
			isa = PBXVariantGroup;
			children = (
				2E430C141E1D924A00F02B1E /* Base */,
			);
			name = LaunchScreen.storyboard;
			sourceTree = "<group>";
		};
/* End PBXVariantGroup section */

/* Begin XCBuildConfiguration section */
		2E430C171E1D924A00F02B1E /* Debug */ = {
			isa = XCBuildConfiguration;
			buildSettings = {
				ALWAYS_SEARCH_USER_PATHS = NO;
				CLANG_ANALYZER_NONNULL = YES;
				CLANG_CXX_LANGUAGE_STANDARD = "gnu++0x";
				CLANG_CXX_LIBRARY = "libc++";
				CLANG_ENABLE_MODULES = YES;
				CLANG_ENABLE_OBJC_ARC = YES;
				CLANG_WARN_BOOL_CONVERSION = YES;
				CLANG_WARN_CONSTANT_CONVERSION = YES;
				CLANG_WARN_DIRECT_OBJC_ISA_USAGE = YES_ERROR;
				CLANG_WARN_DOCUMENTATION_COMMENTS = YES;
				CLANG_WARN_EMPTY_BODY = YES;
				CLANG_WARN_ENUM_CONVERSION = YES;
				CLANG_WARN_INFINITE_RECURSION = YES;
				CLANG_WARN_INT_CONVERSION = YES;
				CLANG_WARN_OBJC_ROOT_CLASS = YES_ERROR;
				CLANG_WARN_SUSPICIOUS_MOVE = YES;
				CLANG_WARN_UNREACHABLE_CODE = YES;
				CLANG_WARN__DUPLICATE_METHOD_MATCH = YES;
				"CODE_SIGN_IDENTITY[sdk=iphoneos*]" = "iPhone Developer";
				COPY_PHASE_STRIP = NO;
				DEBUG_INFORMATION_FORMAT = dwarf;
				ENABLE_STRICT_OBJC_MSGSEND = YES;
				ENABLE_TESTABILITY = YES;
				GCC_C_LANGUAGE_STANDARD = gnu99;
				GCC_DYNAMIC_NO_PIC = NO;
				GCC_NO_COMMON_BLOCKS = YES;
				GCC_OPTIMIZATION_LEVEL = 0;
				GCC_PREPROCESSOR_DEFINITIONS = (
					"DEBUG=1",
					"$(inherited)",
				);
				GCC_WARN_64_TO_32_BIT_CONVERSION = YES;
				GCC_WARN_ABOUT_RETURN_TYPE = YES_ERROR;
				GCC_WARN_UNDECLARED_SELECTOR = YES;
				GCC_WARN_UNINITIALIZED_AUTOS = YES_AGGRESSIVE;
				GCC_WARN_UNUSED_FUNCTION = YES;
				GCC_WARN_UNUSED_VARIABLE = YES;
				IPHONEOS_DEPLOYMENT_TARGET = 10.2;
				MTL_ENABLE_DEBUG_INFO = YES;
				ONLY_ACTIVE_ARCH = YES;
				SDKROOT = iphoneos;
				SWIFT_ACTIVE_COMPILATION_CONDITIONS = DEBUG;
				SWIFT_OPTIMIZATION_LEVEL = "-Onone";
				TARGETED_DEVICE_FAMILY = "1,2";
			};
			name = Debug;
		};
		2E430C181E1D924A00F02B1E /* Release */ = {
			isa = XCBuildConfiguration;
			buildSettings = {
				ALWAYS_SEARCH_USER_PATHS = NO;
				CLANG_ANALYZER_NONNULL = YES;
				CLANG_CXX_LANGUAGE_STANDARD = "gnu++0x";
				CLANG_CXX_LIBRARY = "libc++";
				CLANG_ENABLE_MODULES = YES;
				CLANG_ENABLE_OBJC_ARC = YES;
				CLANG_WARN_BOOL_CONVERSION = YES;
				CLANG_WARN_CONSTANT_CONVERSION = YES;
				CLANG_WARN_DIRECT_OBJC_ISA_USAGE = YES_ERROR;
				CLANG_WARN_DOCUMENTATION_COMMENTS = YES;
				CLANG_WARN_EMPTY_BODY = YES;
				CLANG_WARN_ENUM_CONVERSION = YES;
				CLANG_WARN_INFINITE_RECURSION = YES;
				CLANG_WARN_INT_CONVERSION = YES;
				CLANG_WARN_OBJC_ROOT_CLASS = YES_ERROR;
				CLANG_WARN_SUSPICIOUS_MOVE = YES;
				CLANG_WARN_UNREACHABLE_CODE = YES;
				CLANG_WARN__DUPLICATE_METHOD_MATCH = YES;
				"CODE_SIGN_IDENTITY[sdk=iphoneos*]" = "iPhone Developer";
				COPY_PHASE_STRIP = NO;
				DEBUG_INFORMATION_FORMAT = "dwarf-with-dsym";
				ENABLE_NS_ASSERTIONS = NO;
				ENABLE_STRICT_OBJC_MSGSEND = YES;
				GCC_C_LANGUAGE_STANDARD = gnu99;
				GCC_NO_COMMON_BLOCKS = YES;
				GCC_WARN_64_TO_32_BIT_CONVERSION = YES;
				GCC_WARN_ABOUT_RETURN_TYPE = YES_ERROR;
				GCC_WARN_UNDECLARED_SELECTOR = YES;
				GCC_WARN_UNINITIALIZED_AUTOS = YES_AGGRESSIVE;
				GCC_WARN_UNUSED_FUNCTION = YES;
				GCC_WARN_UNUSED_VARIABLE = YES;
				IPHONEOS_DEPLOYMENT_TARGET = 10.2;
				MTL_ENABLE_DEBUG_INFO = NO;
				SDKROOT = iphoneos;
				SWIFT_OPTIMIZATION_LEVEL = "-Owholemodule";
				TARGETED_DEVICE_FAMILY = "1,2";
				VALIDATE_PRODUCT = YES;
			};
			name = Release;
		};
		2E430C1A1E1D924A00F02B1E /* Debug */ = {
			isa = XCBuildConfiguration;
			baseConfigurationReference = 75AE0614D4FE5EE3C07B9EBC /* Pods-Edexcel A-Level Maths Past Papers.debug.xcconfig */;
			buildSettings = {
				ALWAYS_EMBED_SWIFT_STANDARD_LIBRARIES = YES;
				ASSETCATALOG_COMPILER_APPICON_NAME = AppIcon;
				DEVELOPMENT_TEAM = PY83UB8G2X;
				INFOPLIST_FILE = "Edexcel A-Level Maths Past Papers/Info.plist";
				IPHONEOS_DEPLOYMENT_TARGET = 8.0;
				LD_RUNPATH_SEARCH_PATHS = "$(inherited) @executable_path/Frameworks";
				PRODUCT_BUNDLE_IDENTIFIER = "appsher.Edexcel-A-Level-Maths-Past-Papers";
				PRODUCT_NAME = "$(TARGET_NAME)";
				SWIFT_VERSION = 3.0;
			};
			name = Debug;
		};
		2E430C1B1E1D924A00F02B1E /* Release */ = {
			isa = XCBuildConfiguration;
			baseConfigurationReference = 0D70E4E9F69798B4171302CB /* Pods-Edexcel A-Level Maths Past Papers.release.xcconfig */;
			buildSettings = {
				ALWAYS_EMBED_SWIFT_STANDARD_LIBRARIES = YES;
				ASSETCATALOG_COMPILER_APPICON_NAME = AppIcon;
				DEVELOPMENT_TEAM = PY83UB8G2X;
				INFOPLIST_FILE = "Edexcel A-Level Maths Past Papers/Info.plist";
				IPHONEOS_DEPLOYMENT_TARGET = 8.0;
				LD_RUNPATH_SEARCH_PATHS = "$(inherited) @executable_path/Frameworks";
				PRODUCT_BUNDLE_IDENTIFIER = "appsher.Edexcel-A-Level-Maths-Past-Papers";
				PRODUCT_NAME = "$(TARGET_NAME)";
				SWIFT_VERSION = 3.0;
			};
			name = Release;
		};
/* End XCBuildConfiguration section */

/* Begin XCConfigurationList section */
		2E430C021E1D924A00F02B1E /* Build configuration list for PBXProject "Edexcel A-Level Maths Past Papers" */ = {
			isa = XCConfigurationList;
			buildConfigurations = (
				2E430C171E1D924A00F02B1E /* Debug */,
				2E430C181E1D924A00F02B1E /* Release */,
			);
			defaultConfigurationIsVisible = 0;
			defaultConfigurationName = Release;
		};
		2E430C191E1D924A00F02B1E /* Build configuration list for PBXNativeTarget "Edexcel A-Level Maths Past Papers" */ = {
			isa = XCConfigurationList;
			buildConfigurations = (
				2E430C1A1E1D924A00F02B1E /* Debug */,
				2E430C1B1E1D924A00F02B1E /* Release */,
			);
			defaultConfigurationIsVisible = 0;
			defaultConfigurationName = Release;
		};
/* End XCConfigurationList section */
	};
	rootObject = 2E430BFF1E1D924A00F02B1E /* Project object */;
}
